
Microsoft Visual Studio Solution File, Format Version 12.00
# Visual Studio 14
VisualStudioVersion = 14.0.24720.0
MinimumVisualStudioVersion = 10.0.40219.1
Project("{8BC9CEB8-8B4A-11D0-8D11-00A0C91BC942}") = "AnimationSystem", "AnimationSystem\AnimationSystem.vcxproj", "{5D037ED8-41DC-4690-B5F8-928D1E1FAD48}"
EndProject
Project("{2150E333-8FDC-42A3-9474-1A3956D46DE8}") = "Maya", "Maya", "{D0902331-6EE1-4B9D-9BF0-1123E9733C9D}"
EndProject
Project("{2150E333-8FDC-42A3-9474-1A3956D46DE8}") = "App", "App", "{0BA5653C-0789-4917-89BC-1F2AD267D9E2}"
EndProject
Project("{8BC9CEB8-8B4A-11D0-8D11-00A0C91BC942}") = "Exporter", "Exporter\Exporter.vcxproj", "{D12F6615-D294-43A6-8D34-0812F4A94F21}"
EndProject
Global
	GlobalSection(SolutionConfigurationPlatforms) = preSolution
		Debug|Mixed Platforms = Debug|Mixed Platforms
		Debug|x64 = Debug|x64
		Release|Mixed Platforms = Release|Mixed Platforms
		Release|x64 = Release|x64
	EndGlobalSection
	GlobalSection(ProjectConfigurationPlatforms) = postSolution
		{5D037ED8-41DC-4690-B5F8-928D1E1FAD48}.Debug|Mixed Platforms.ActiveCfg = Debug|Win32
		{5D037ED8-41DC-4690-B5F8-928D1E1FAD48}.Debug|Mixed Platforms.Build.0 = Debug|Win32
		{5D037ED8-41DC-4690-B5F8-928D1E1FAD48}.Debug|x64.ActiveCfg = Debug|x64
		{5D037ED8-41DC-4690-B5F8-928D1E1FAD48}.Debug|x64.Build.0 = Debug|x64
		{5D037ED8-41DC-4690-B5F8-928D1E1FAD48}.Release|Mixed Platforms.ActiveCfg = Release|Win32
		{5D037ED8-41DC-4690-B5F8-928D1E1FAD48}.Release|Mixed Platforms.Build.0 = Release|Win32
		{5D037ED8-41DC-4690-B5F8-928D1E1FAD48}.Release|x64.ActiveCfg = Release|x64
		{5D037ED8-41DC-4690-B5F8-928D1E1FAD48}.Release|x64.Build.0 = Release|x64
		{D12F6615-D294-43A6-8D34-0812F4A94F21}.Debug|Mixed Platforms.ActiveCfg = Debug|Win32
		{D12F6615-D294-43A6-8D34-0812F4A94F21}.Debug|Mixed Platforms.Build.0 = Debug|Win32
		{D12F6615-D294-43A6-8D34-0812F4A94F21}.Debug|x64.ActiveCfg = Debug|x64
		{D12F6615-D294-43A6-8D34-0812F4A94F21}.Release|Mixed Platforms.ActiveCfg = Release|Win32
		{D12F6615-D294-43A6-8D34-0812F4A94F21}.Release|Mixed Platforms.Build.0 = Release|Win32
		{D12F6615-D294-43A6-8D34-0812F4A94F21}.Release|x64.ActiveCfg = Debug|x64
	EndGlobalSection
	GlobalSection(SolutionProperties) = preSolution
		HideSolutionNode = FALSE
	EndGlobalSection
	GlobalSection(NestedProjects) = preSolution
		{5D037ED8-41DC-4690-B5F8-928D1E1FAD48} = {0BA5653C-0789-4917-89BC-1F2AD267D9E2}
		{D12F6615-D294-43A6-8D34-0812F4A94F21} = {D0902331-6EE1-4B9D-9BF0-1123E9733C9D}
	EndGlobalSection
EndGlobal
